PODS:
  - Masonry (1.1.0)
  - SJAttributesFactory (2.0.0)
  - SJLabel (1.2.3):
    - SJAttributesFactory
    - SJLabel/Category (= 1.2.3)
    - SJLabel/Services (= 1.2.3)
  - SJLabel/Category (1.2.3):
    - SJAttributesFactory
  - SJLabel/Services (1.2.3):
    - SJAttributesFactory
  - SJUIFactory (0.0.13):
    - SJLabel
    - SJUIFactory/Category (= 0.0.13)
  - SJUIFactory/Category (0.0.13):
    - SJLabel

DEPENDENCIES:
  - Masonry
  - SJAttributesFactory
  - SJUIFactory

SPEC CHECKSUMS:
  Masonry: 678fab65091a9290e40e2832a55e7ab731aad201
  SJAttributesFactory: 68fa80884b93048500d69ec1d897d03d12f01675
  SJLabel: 792d4661ee52407e13781a39151bb0d51b4ad6e8
  SJUIFactory: 1f0ee2406f61913c1f0188763df1c866c2693ca3

PODFILE CHECKSUM: 17ce33ff16e6ad5782afe9cae00565b62a5170c0

COCOAPODS: 1.4.0
